{
  "pins" : [
    {
      "identity" : "ahi-pod-ios-bodyscan",
      "kind" : "remoteSourceControl",
      "location" : "https://git-codecommit.ap-southeast-2.amazonaws.com/v1/repos/ahi-pod-ios-bodyscan",
      "state" : {
        "revision" : "06f810039472c7a93a6577054603ef439dff0b18",
        "version" : "23.8.2199"
      }
    },
    {
      "identity" : "ahi-pod-ios-common",
      "kind" : "remoteSourceControl",
      "location" : "https://git-codecommit.ap-southeast-2.amazonaws.com/v1/repos/ahi-pod-ios-common",
      "state" : {
        "revision" : "a9011596ad33e500b2377f783a250a188e6d20d0",
        "version" : "23.8.1222"
      }
    },
    {
      "identity" : "ahi-pod-ios-facescan",
      "kind" : "remoteSourceControl",
      "location" : "https://git-codecommit.ap-southeast-2.amazonaws.com/v1/repos/ahi-pod-ios-facescan",
      "state" : {
        "revision" : "8bd4f95c2d61bff4e92b88888096db43468a325d",
        "version" : "23.8.1260"
      }
    },
    {
      "identity" : "ahi-pod-ios-fingerscan",
      "kind" : "remoteSourceControl",
      "location" : "https://git-codecommit.ap-southeast-2.amazonaws.com/v1/repos/ahi-pod-ios-fingerscan",
      "state" : {
        "revision" : "51809fa67782ddf3766568947f2ae08ce00f76b3",
        "version" : "23.8.446"
      }
    },
    {
      "identity" : "ahi-pod-ios-multiscan",
      "kind" : "remoteSourceControl",
      "location" : "https://git-codecommit.ap-southeast-2.amazonaws.com/v1/repos/ahi-pod-ios-multiscan",
      "state" : {
        "revision" : "539fd16dc3a2c110465044d423a0f57c69a26ed3",
        "version" : "23.8.1135"
      }
    },
    {
      "identity" : "opencv-spm",
      "kind" : "remoteSourceControl",
      "location" : "https://github.com/ahi-dev/OpenCV-SPM.git",
      "state" : {
        "revision" : "6b826bbeb6450b9fe7ecdf0c00f39722171b9449",
        "version" : "4.6.0"
      }
    }
  ],
  "version" : 2
}
