{
  "pins" : [
    {
      "identity" : "ahi-pod-ios-bodyscan",
      "kind" : "remoteSourceControl",
      "location" : "https://git-codecommit.ap-southeast-2.amazonaws.com/v1/repos/ahi-pod-ios-bodyscan",
      "state" : {
        "revision" : "dc8e51642be03a2abac2f0d2718575cc1d198e3a",
        "version" : "23.11.2273"
      }
    },
    {
      "identity" : "ahi-pod-ios-common",
      "kind" : "remoteSourceControl",
      "location" : "https://git-codecommit.ap-southeast-2.amazonaws.com/v1/repos/ahi-pod-ios-common",
      "state" : {
        "revision" : "0ecfe6168ae58f8d609c5729997e1766e46daec6",
        "version" : "23.11.1263"
      }
    },
    {
      "identity" : "ahi-pod-ios-facescan",
      "kind" : "remoteSourceControl",
      "location" : "https://git-codecommit.ap-southeast-2.amazonaws.com/v1/repos/ahi-pod-ios-facescan",
      "state" : {
        "revision" : "dfd14c02c6ed57cf4daafe190112de84ab878c88",
        "version" : "23.11.1299"
      }
    },
    {
      "identity" : "ahi-pod-ios-fingerscan",
      "kind" : "remoteSourceControl",
      "location" : "https://git-codecommit.ap-southeast-2.amazonaws.com/v1/repos/ahi-pod-ios-fingerscan",
      "state" : {
        "revision" : "84aa711536aaebdbd3cb5bb3385a92fbb22d4146",
        "version" : "23.11.501"
      }
    },
    {
      "identity" : "ahi-pod-ios-multiscan",
      "kind" : "remoteSourceControl",
      "location" : "https://git-codecommit.ap-southeast-2.amazonaws.com/v1/repos/ahi-pod-ios-multiscan",
      "state" : {
        "revision" : "2dc96d742ebb0d1950bf85e004ab711733119d7a",
        "version" : "23.11.1159"
      }
    },
    {
      "identity" : "opencv-spm",
      "kind" : "remoteSourceControl",
      "location" : "https://github.com/ahi-dev/OpenCV-SPM.git",
      "state" : {
        "revision" : "6b826bbeb6450b9fe7ecdf0c00f39722171b9449",
        "version" : "4.6.0"
      }
    }
  ],
  "version" : 2
}
