PODS:
  - AHIMultiScan (21.1.5):
    - Bolts
    - MyFiziqSDKCommon (~> 21.1.1)
  - Bolts (1.9.1):
    - Bolts/AppLinks (= 1.9.1)
    - Bolts/Tasks (= 1.9.1)
  - Bolts/AppLinks (1.9.1):
    - Bolts/Tasks
  - Bolts/Tasks (1.9.1)
  - Flutter (3.13.0)
  - GBDeviceInfo (6.8.0):
    - GBDeviceInfo/Core (= 6.8.0)
  - GBDeviceInfo/Core (6.8.0)
  - MFZFaceScan (21.1.5):
    - MyFiziqSDKCommon (~> 21.1.1)
    - OpenCV
  - MyFaCSS (19.1.6)
  - MyFiziqSDKCommon (21.1.2):
    - Bolts
    - GBDeviceInfo (~> 6.5)
    - MyFaCSS (~> 19.1.5)
    - PureLayout
  - MyFiziqSDKCoreLite (21.1.4):
    - MyFiziqSDKCommon
  - OpenCV (4.3.0)
  - PureLayout (3.1.9)

DEPENDENCIES:
  - AHIMultiScan (~> 21.1.3)
  - Flutter
  - MFZFaceScan (~> 21.1.3)
  - MyFiziqSDKCoreLite (~> 21.1.3)

SPEC REPOS:
  https://git-codecommit.ap-southeast-1.amazonaws.com/v1/repos/myfiziq-sdk-podrepo:
    - AHIMultiScan
    - MFZFaceScan
    - MyFaCSS
    - MyFiziqSDKCommon
    - MyFiziqSDKCoreLite
  trunk:
    - Bolts
    - Flutter
    - GBDeviceInfo
    - OpenCV
    - PureLayout

SPEC CHECKSUMS:
  AHIMultiScan: 866cdf471a9da7b56643ce0e898ae17f2b6913cc
  Bolts: 8c1e8aab2f603387b8b9924f57d1d64f43d3ffdc
  Flutter: 8ff16720b007bae16abfe75ef9fe3ee45ead486a
  GBDeviceInfo: 0f5a54412c0eca15ee6f94dd93566ceba505b40f
  MFZFaceScan: 260fa31eee5323aa71fdb4f48c8bb91860eadee3
  MyFaCSS: 80be5c5156037f4de0277fc316ded7773417d2c8
  MyFiziqSDKCommon: 783e08ce5859d9a616d36e418a05325d98d1be8f
  MyFiziqSDKCoreLite: f806a5d95aa857130a6b0ad9255c17594f93fefe
  OpenCV: 681e0451c1e54c5930a8922277f817ed5d5ab459
  PureLayout: 5fb5e5429519627d60d079ccb1eaa7265ce7cf88

PODFILE CHECKSUM: ac502db41411df9429e916cd47fa28210820d904

COCOAPODS: 1.12.1
