PODS:
  - AHIBodyScan (22.1.1948):
    - AHICommon (~> 22.1.0)
    - AHIOpenCV
  - AHICommon (22.1.1173)
  - AHIFaceScan (22.1.1133):
    - AHICommon (~> 22.1.0)
    - AHIOpenCV
  - AHIFingerScan (22.1.197):
    - AHICommon (~> 22.1.0)
  - AHIMultiScan (22.1.1078):
    - AHICommon (~> 22.1.0)
  - AHIOpenCV (4.5.1)
  - Flutter (3.0.0)

DEPENDENCIES:
  - AHIBodyScan (~> 22.0)
  - AHIFaceScan (~> 22.0)
  - AHIFingerScan (~> 22.0)
  - AHIMultiScan (~> 22.0)
  - Flutter

SPEC REPOS:
  https://github.com/ahi-dev/ahi-pod-ios-cocoapods-dev.git:
    - AHIBodyScan
    - AHICommon
    - AHIFaceScan
    - AHIFingerScan
    - AHIMultiScan
    - AHIOpenCV
  trunk:
    - Flutter

SPEC CHECKSUMS:
  AHIBodyScan: b2e118e3f89690d1cace464aa86ea8923c1ee994
  AHICommon: 2395245bff3c17c6a553d570ef18c097649a2c92
  AHIFaceScan: db85e89077df1078ce0dd7e7848777137d213467
  AHIFingerScan: c16e7324d59a715e568f3cda9fde644c2e6ba2a8
  AHIMultiScan: cfb59907617de05d38be032945f5fd181cc14f3c
  AHIOpenCV: fd0ebbf0a77743b2380c13734b140aa5c44505ec
  Flutter: aef388869c2d2beecc8df50c818fa66e9c6eb1fb

PODFILE CHECKSUM: a85afa4cd4e11e510eb97af6d25a7f41eeee9f50

COCOAPODS: 1.11.2
