// !$*UTF8*$!
{
	archiveVersion = 1;
	classes = {
	};
	objectVersion = 55;
	objects = {

/* Begin PBXBuildFile section */
		580B6F4A7C22ABDE244E7BA7 /* Pods_ahi_swiftui_multiscan_boilerplate.framework in Frameworks */ = {isa = PBXBuildFile; fileRef = 952B860B4593963F6282FED4 /* Pods_ahi_swiftui_multiscan_boilerplate.framework */; };
		C9611E1127FD711500EB4B88 /* ahi_swiftui_multiscan_boilerplateApp.swift in Sources */ = {isa = PBXBuildFile; fileRef = C9611E1027FD711500EB4B88 /* ahi_swiftui_multiscan_boilerplateApp.swift */; };
		C9611E1327FD711500EB4B88 /* ContentView.swift in Sources */ = {isa = PBXBuildFile; fileRef = C9611E1227FD711500EB4B88 /* ContentView.swift */; };
		C9611E1527FD711600EB4B88 /* Assets.xcassets in Resources */ = {isa = PBXBuildFile; fileRef = C9611E1427FD711600EB4B88 /* Assets.xcassets */; };
		C9611E1827FD711600EB4B88 /* Preview Assets.xcassets in Resources */ = {isa = PBXBuildFile; fileRef = C9611E1727FD711600EB4B88 /* Preview Assets.xcassets */; };
/* End PBXBuildFile section */

/* Begin PBXFileReference section */
		08699E1381DBDD854727F7AB /* Pods-ahi_swiftui_multiscan_boilerplate.debug.xcconfig */ = {isa = PBXFileReference; includeInIndex = 1; lastKnownFileType = text.xcconfig; name = "Pods-ahi_swiftui_multiscan_boilerplate.debug.xcconfig"; path = "Target Support Files/Pods-ahi_swiftui_multiscan_boilerplate/Pods-ahi_swiftui_multiscan_boilerplate.debug.xcconfig"; sourceTree = "<group>"; };
		1E41ACF0F021904CE1E9151F /* Pods-ahi_swiftui_multiscan_boilerplate.release.xcconfig */ = {isa = PBXFileReference; includeInIndex = 1; lastKnownFileType = text.xcconfig; name = "Pods-ahi_swiftui_multiscan_boilerplate.release.xcconfig"; path = "Target Support Files/Pods-ahi_swiftui_multiscan_boilerplate/Pods-ahi_swiftui_multiscan_boilerplate.release.xcconfig"; sourceTree = "<group>"; };
		952B860B4593963F6282FED4 /* Pods_ahi_swiftui_multiscan_boilerplate.framework */ = {isa = PBXFileReference; explicitFileType = wrapper.framework; includeInIndex = 0; path = Pods_ahi_swiftui_multiscan_boilerplate.framework; sourceTree = BUILT_PRODUCTS_DIR; };
		C9611E0D27FD711500EB4B88 /* ahi_swiftui_multiscan_boilerplate.app */ = {isa = PBXFileReference; explicitFileType = wrapper.application; includeInIndex = 0; path = ahi_swiftui_multiscan_boilerplate.app; sourceTree = BUILT_PRODUCTS_DIR; };
		C9611E1027FD711500EB4B88 /* ahi_swiftui_multiscan_boilerplateApp.swift */ = {isa = PBXFileReference; lastKnownFileType = sourcecode.swift; path = ahi_swiftui_multiscan_boilerplateApp.swift; sourceTree = "<group>"; };
		C9611E1227FD711500EB4B88 /* ContentView.swift */ = {isa = PBXFileReference; lastKnownFileType = sourcecode.swift; path = ContentView.swift; sourceTree = "<group>"; };
		C9611E1427FD711600EB4B88 /* Assets.xcassets */ = {isa = PBXFileReference; lastKnownFileType = folder.assetcatalog; path = Assets.xcassets; sourceTree = "<group>"; };
		C9611E1727FD711600EB4B88 /* Preview Assets.xcassets */ = {isa = PBXFileReference; lastKnownFileType = folder.assetcatalog; path = "Preview Assets.xcassets"; sourceTree = "<group>"; };
/* End PBXFileReference section */

/* Begin PBXFrameworksBuildPhase section */
		C9611E0A27FD711500EB4B88 /* Frameworks */ = {
			isa = PBXFrameworksBuildPhase;
			buildActionMask = 2147483647;
			files = (
				580B6F4A7C22ABDE244E7BA7 /* Pods_ahi_swiftui_multiscan_boilerplate.framework in Frameworks */,
			);
			runOnlyForDeploymentPostprocessing = 0;
		};
/* End PBXFrameworksBuildPhase section */

/* Begin PBXGroup section */
		2C54442DAB6F96DB5FBA0783 /* Pods */ = {
			isa = PBXGroup;
			children = (
				08699E1381DBDD854727F7AB /* Pods-ahi_swiftui_multiscan_boilerplate.debug.xcconfig */,
				1E41ACF0F021904CE1E9151F /* Pods-ahi_swiftui_multiscan_boilerplate.release.xcconfig */,
			);
			path = Pods;
			sourceTree = "<group>";
		};
		5D79AC7C1B689DEA38260011 /* Frameworks */ = {
			isa = PBXGroup;
			children = (
				952B860B4593963F6282FED4 /* Pods_ahi_swiftui_multiscan_boilerplate.framework */,
			);
			name = Frameworks;
			sourceTree = "<group>";
		};
		C9611E0427FD711500EB4B88 = {
			isa = PBXGroup;
			children = (
				C9611E0F27FD711500EB4B88 /* ahi_swiftui_multiscan_boilerplate */,
				C9611E0E27FD711500EB4B88 /* Products */,
				2C54442DAB6F96DB5FBA0783 /* Pods */,
				5D79AC7C1B689DEA38260011 /* Frameworks */,
			);
			sourceTree = "<group>";
		};
		C9611E0E27FD711500EB4B88 /* Products */ = {
			isa = PBXGroup;
			children = (
				C9611E0D27FD711500EB4B88 /* ahi_swiftui_multiscan_boilerplate.app */,
			);
			name = Products;
			sourceTree = "<group>";
		};
		C9611E0F27FD711500EB4B88 /* ahi_swiftui_multiscan_boilerplate */ = {
			isa = PBXGroup;
			children = (
				C9611E1027FD711500EB4B88 /* ahi_swiftui_multiscan_boilerplateApp.swift */,
				C9611E1227FD711500EB4B88 /* ContentView.swift */,
				C9611E1427FD711600EB4B88 /* Assets.xcassets */,
				C9611E1627FD711600EB4B88 /* Preview Content */,
			);
			path = ahi_swiftui_multiscan_boilerplate;
			sourceTree = "<group>";
		};
		C9611E1627FD711600EB4B88 /* Preview Content */ = {
			isa = PBXGroup;
			children = (
				C9611E1727FD711600EB4B88 /* Preview Assets.xcassets */,
			);
			path = "Preview Content";
			sourceTree = "<group>";
		};
/* End PBXGroup section */

/* Begin PBXNativeTarget section */
		C9611E0C27FD711500EB4B88 /* ahi_swiftui_multiscan_boilerplate */ = {
			isa = PBXNativeTarget;
			buildConfigurationList = C9611E1B27FD711600EB4B88 /* Build configuration list for PBXNativeTarget "ahi_swiftui_multiscan_boilerplate" */;
			buildPhases = (
				9D5944543F330FE66C0DF086 /* [CP] Check Pods Manifest.lock */,
				C9611E0927FD711500EB4B88 /* Sources */,
				C9611E0A27FD711500EB4B88 /* Frameworks */,
				C9611E0B27FD711500EB4B88 /* Resources */,
				17445AC5645035AC12FB4354 /* [CP] Embed Pods Frameworks */,
			);
			buildRules = (
			);
			dependencies = (
			);
			name = ahi_swiftui_multiscan_boilerplate;
			productName = ahi_swiftui_multiscan_boilerplate;
			productReference = C9611E0D27FD711500EB4B88 /* ahi_swiftui_multiscan_boilerplate.app */;
			productType = "com.apple.product-type.application";
		};
/* End PBXNativeTarget section */

/* Begin PBXProject section */
		C9611E0527FD711500EB4B88 /* Project object */ = {
			isa = PBXProject;
			attributes = {
				BuildIndependentTargetsInParallel = 1;
				LastSwiftUpdateCheck = 1330;
				LastUpgradeCheck = 1330;
				TargetAttributes = {
					C9611E0C27FD711500EB4B88 = {
						CreatedOnToolsVersion = 13.3;
					};
				};
			};
			buildConfigurationList = C9611E0827FD711500EB4B88 /* Build configuration list for PBXProject "ahi_swiftui_multiscan_boilerplate" */;
			compatibilityVersion = "Xcode 13.0";
			developmentRegion = en;
			hasScannedForEncodings = 0;
			knownRegions = (
				en,
				Base,
			);
			mainGroup = C9611E0427FD711500EB4B88;
			productRefGroup = C9611E0E27FD711500EB4B88 /* Products */;
			projectDirPath = "";
			projectRoot = "";
			targets = (
				C9611E0C27FD711500EB4B88 /* ahi_swiftui_multiscan_boilerplate */,
			);
		};
/* End PBXProject section */

/* Begin PBXResourcesBuildPhase section */
		C9611E0B27FD711500EB4B88 /* Resources */ = {
			isa = PBXResourcesBuildPhase;
			buildActionMask = 2147483647;
			files = (
				C9611E1827FD711600EB4B88 /* Preview Assets.xcassets in Resources */,
				C9611E1527FD711600EB4B88 /* Assets.xcassets in Resources */,
			);
			runOnlyForDeploymentPostprocessing = 0;
		};
/* End PBXResourcesBuildPhase section */

/* Begin PBXShellScriptBuildPhase section */
		17445AC5645035AC12FB4354 /* [CP] Embed Pods Frameworks */ = {
			isa = PBXShellScriptBuildPhase;
			buildActionMask = 2147483647;
			files = (
			);
			inputFileListPaths = (
				"${PODS_ROOT}/Target Support Files/Pods-ahi_swiftui_multiscan_boilerplate/Pods-ahi_swiftui_multiscan_boilerplate-frameworks-${CONFIGURATION}-input-files.xcfilelist",
			);
			name = "[CP] Embed Pods Frameworks";
			outputFileListPaths = (
				"${PODS_ROOT}/Target Support Files/Pods-ahi_swiftui_multiscan_boilerplate/Pods-ahi_swiftui_multiscan_boilerplate-frameworks-${CONFIGURATION}-output-files.xcfilelist",
			);
			runOnlyForDeploymentPostprocessing = 0;
			shellPath = /bin/sh;
			shellScript = "\"${PODS_ROOT}/Target Support Files/Pods-ahi_swiftui_multiscan_boilerplate/Pods-ahi_swiftui_multiscan_boilerplate-frameworks.sh\"\n";
			showEnvVarsInLog = 0;
		};
		9D5944543F330FE66C0DF086 /* [CP] Check Pods Manifest.lock */ = {
			isa = PBXShellScriptBuildPhase;
			buildActionMask = 2147483647;
			files = (
			);
			inputFileListPaths = (
			);
			inputPaths = (
				"${PODS_PODFILE_DIR_PATH}/Podfile.lock",
				"${PODS_ROOT}/Manifest.lock",
			);
			name = "[CP] Check Pods Manifest.lock";
			outputFileListPaths = (
			);
			outputPaths = (
				"$(DERIVED_FILE_DIR)/Pods-ahi_swiftui_multiscan_boilerplate-checkManifestLockResult.txt",
			);
			runOnlyForDeploymentPostprocessing = 0;
			shellPath = /bin/sh;
			shellScript = "diff \"${PODS_PODFILE_DIR_PATH}/Podfile.lock\" \"${PODS_ROOT}/Manifest.lock\" > /dev/null\nif [ $? != 0 ] ; then\n    # print error to STDERR\n    echo \"error: The sandbox is not in sync with the Podfile.lock. Run 'pod install' or update your CocoaPods installation.\" >&2\n    exit 1\nfi\n# This output is used by Xcode 'outputs' to avoid re-running this script phase.\necho \"SUCCESS\" > \"${SCRIPT_OUTPUT_FILE_0}\"\n";
			showEnvVarsInLog = 0;
		};
/* End PBXShellScriptBuildPhase section */

/* Begin PBXSourcesBuildPhase section */
		C9611E0927FD711500EB4B88 /* Sources */ = {
			isa = PBXSourcesBuildPhase;
			buildActionMask = 2147483647;
			files = (
				C9611E1327FD711500EB4B88 /* ContentView.swift in Sources */,
				C9611E1127FD711500EB4B88 /* ahi_swiftui_multiscan_boilerplateApp.swift in Sources */,
			);
			runOnlyForDeploymentPostprocessing = 0;
		};
/* End PBXSourcesBuildPhase section */

/* Begin XCBuildConfiguration section */
		C9611E1927FD711600EB4B88 /* Debug */ = {
			isa = XCBuildConfiguration;
			buildSettings = {
				ALWAYS_SEARCH_USER_PATHS = NO;
				CLANG_ANALYZER_NONNULL = YES;
				CLANG_ANALYZER_NUMBER_OBJECT_CONVERSION = YES_AGGRESSIVE;
				CLANG_CXX_LANGUAGE_STANDARD = "gnu++17";
				CLANG_ENABLE_MODULES = YES;
				CLANG_ENABLE_OBJC_ARC = YES;
				CLANG_ENABLE_OBJC_WEAK = YES;
				CLANG_WARN_BLOCK_CAPTURE_AUTORELEASING = YES;
				CLANG_WARN_BOOL_CONVERSION = YES;
				CLANG_WARN_COMMA = YES;
				CLANG_WARN_CONSTANT_CONVERSION = YES;
				CLANG_WARN_DEPRECATED_OBJC_IMPLEMENTATIONS = YES;
				CLANG_WARN_DIRECT_OBJC_ISA_USAGE = YES_ERROR;
				CLANG_WARN_DOCUMENTATION_COMMENTS = YES;
				CLANG_WARN_EMPTY_BODY = YES;
				CLANG_WARN_ENUM_CONVERSION = YES;
				CLANG_WARN_INFINITE_RECURSION = YES;
				CLANG_WARN_INT_CONVERSION = YES;
				CLANG_WARN_NON_LITERAL_NULL_CONVERSION = YES;
				CLANG_WARN_OBJC_IMPLICIT_RETAIN_SELF = YES;
				CLANG_WARN_OBJC_LITERAL_CONVERSION = YES;
				CLANG_WARN_OBJC_ROOT_CLASS = YES_ERROR;
				CLANG_WARN_QUOTED_INCLUDE_IN_FRAMEWORK_HEADER = YES;
				CLANG_WARN_RANGE_LOOP_ANALYSIS = YES;
				CLANG_WARN_STRICT_PROTOTYPES = YES;
				CLANG_WARN_SUSPICIOUS_MOVE = YES;
				CLANG_WARN_UNGUARDED_AVAILABILITY = YES_AGGRESSIVE;
				CLANG_WARN_UNREACHABLE_CODE = YES;
				CLANG_WARN__DUPLICATE_METHOD_MATCH = YES;
				COPY_PHASE_STRIP = NO;
				DEBUG_INFORMATION_FORMAT = dwarf;
				ENABLE_STRICT_OBJC_MSGSEND = YES;
				ENABLE_TESTABILITY = YES;
				GCC_C_LANGUAGE_STANDARD = gnu11;
				GCC_DYNAMIC_NO_PIC = NO;
				GCC_NO_COMMON_BLOCKS = YES;
				GCC_OPTIMIZATION_LEVEL = 0;
				GCC_PREPROCESSOR_DEFINITIONS = (
					"DEBUG=1",
					"$(inherited)",
				);
				GCC_WARN_64_TO_32_BIT_CONVERSION = YES;
				GCC_WARN_ABOUT_RETURN_TYPE = YES_ERROR;
				GCC_WARN_UNDECLARED_SELECTOR = YES;
				GCC_WARN_UNINITIALIZED_AUTOS = YES_AGGRESSIVE;
				GCC_WARN_UNUSED_FUNCTION = YES;
				GCC_WARN_UNUSED_VARIABLE = YES;
				IPHONEOS_DEPLOYMENT_TARGET = 15.4;
				MTL_ENABLE_DEBUG_INFO = INCLUDE_SOURCE;
				MTL_FAST_MATH = YES;
				ONLY_ACTIVE_ARCH = YES;
				SDKROOT = iphoneos;
				SWIFT_ACTIVE_COMPILATION_CONDITIONS = DEBUG;
				SWIFT_OPTIMIZATION_LEVEL = "-Onone";
			};
			name = Debug;
		};
		C9611E1A27FD711600EB4B88 /* Release */ = {
			isa = XCBuildConfiguration;
			buildSettings = {
				ALWAYS_SEARCH_USER_PATHS = NO;
				CLANG_ANALYZER_NONNULL = YES;
				CLANG_ANALYZER_NUMBER_OBJECT_CONVERSION = YES_AGGRESSIVE;
				CLANG_CXX_LANGUAGE_STANDARD = "gnu++17";
				CLANG_ENABLE_MODULES = YES;
				CLANG_ENABLE_OBJC_ARC = YES;
				CLANG_ENABLE_OBJC_WEAK = YES;
				CLANG_WARN_BLOCK_CAPTURE_AUTORELEASING = YES;
				CLANG_WARN_BOOL_CONVERSION = YES;
				CLANG_WARN_COMMA = YES;
				CLANG_WARN_CONSTANT_CONVERSION = YES;
				CLANG_WARN_DEPRECATED_OBJC_IMPLEMENTATIONS = YES;
				CLANG_WARN_DIRECT_OBJC_ISA_USAGE = YES_ERROR;
				CLANG_WARN_DOCUMENTATION_COMMENTS = YES;
				CLANG_WARN_EMPTY_BODY = YES;
				CLANG_WARN_ENUM_CONVERSION = YES;
				CLANG_WARN_INFINITE_RECURSION = YES;
				CLANG_WARN_INT_CONVERSION = YES;
				CLANG_WARN_NON_LITERAL_NULL_CONVERSION = YES;
				CLANG_WARN_OBJC_IMPLICIT_RETAIN_SELF = YES;
				CLANG_WARN_OBJC_LITERAL_CONVERSION = YES;
				CLANG_WARN_OBJC_ROOT_CLASS = YES_ERROR;
				CLANG_WARN_QUOTED_INCLUDE_IN_FRAMEWORK_HEADER = YES;
				CLANG_WARN_RANGE_LOOP_ANALYSIS = YES;
				CLANG_WARN_STRICT_PROTOTYPES = YES;
				CLANG_WARN_SUSPICIOUS_MOVE = YES;
				CLANG_WARN_UNGUARDED_AVAILABILITY = YES_AGGRESSIVE;
				CLANG_WARN_UNREACHABLE_CODE = YES;
				CLANG_WARN__DUPLICATE_METHOD_MATCH = YES;
				COPY_PHASE_STRIP = NO;
				DEBUG_INFORMATION_FORMAT = "dwarf-with-dsym";
				ENABLE_NS_ASSERTIONS = NO;
				ENABLE_STRICT_OBJC_MSGSEND = YES;
				GCC_C_LANGUAGE_STANDARD = gnu11;
				GCC_NO_COMMON_BLOCKS = YES;
				GCC_WARN_64_TO_32_BIT_CONVERSION = YES;
				GCC_WARN_ABOUT_RETURN_TYPE = YES_ERROR;
				GCC_WARN_UNDECLARED_SELECTOR = YES;
				GCC_WARN_UNINITIALIZED_AUTOS = YES_AGGRESSIVE;
				GCC_WARN_UNUSED_FUNCTION = YES;
				GCC_WARN_UNUSED_VARIABLE = YES;
				IPHONEOS_DEPLOYMENT_TARGET = 15.4;
				MTL_ENABLE_DEBUG_INFO = NO;
				MTL_FAST_MATH = YES;
				SDKROOT = iphoneos;
				SWIFT_COMPILATION_MODE = wholemodule;
				SWIFT_OPTIMIZATION_LEVEL = "-O";
				VALIDATE_PRODUCT = YES;
			};
			name = Release;
		};
		C9611E1C27FD711600EB4B88 /* Debug */ = {
			isa = XCBuildConfiguration;
			baseConfigurationReference = 08699E1381DBDD854727F7AB /* Pods-ahi_swiftui_multiscan_boilerplate.debug.xcconfig */;
			buildSettings = {
				ASSETCATALOG_COMPILER_APPICON_NAME = AppIcon;
				ASSETCATALOG_COMPILER_GLOBAL_ACCENT_COLOR_NAME = AccentColor;
				CODE_SIGN_STYLE = Automatic;
				CURRENT_PROJECT_VERSION = 1;
				DEVELOPMENT_ASSET_PATHS = "\"ahi_swiftui_multiscan_boilerplate/Preview Content\"";
				DEVELOPMENT_TEAM = R8N9468BQ5;
				ENABLE_BITCODE = NO;
				ENABLE_PREVIEWS = YES;
				GENERATE_INFOPLIST_FILE = YES;
				INFOPLIST_KEY_NSCameraUsageDescription = "We need to use your camera to take a scan.";
				INFOPLIST_KEY_UIApplicationSceneManifest_Generation = YES;
				INFOPLIST_KEY_UIApplicationSupportsIndirectInputEvents = YES;
				INFOPLIST_KEY_UILaunchScreen_Generation = YES;
				INFOPLIST_KEY_UISupportedInterfaceOrientations_iPad = "UIInterfaceOrientationPortrait UIInterfaceOrientationPortraitUpsideDown UIInterfaceOrientationLandscapeLeft UIInterfaceOrientationLandscapeRight";
				INFOPLIST_KEY_UISupportedInterfaceOrientations_iPhone = "UIInterfaceOrientationPortrait UIInterfaceOrientationLandscapeLeft UIInterfaceOrientationLandscapeRight";
				LD_RUNPATH_SEARCH_PATHS = (
					"$(inherited)",
					"@executable_path/Frameworks",
				);
				MARKETING_VERSION = 1.0;
				PRODUCT_BUNDLE_IDENTIFIER = "com.ahi.ahi-swiftui-multiscan-boilerplate";
				PRODUCT_NAME = "$(TARGET_NAME)";
				SWIFT_EMIT_LOC_STRINGS = YES;
				SWIFT_VERSION = 5.0;
				TARGETED_DEVICE_FAMILY = "1,2";
			};
			name = Debug;
		};
		C9611E1D27FD711600EB4B88 /* Release */ = {
			isa = XCBuildConfiguration;
			baseConfigurationReference = 1E41ACF0F021904CE1E9151F /* Pods-ahi_swiftui_multiscan_boilerplate.release.xcconfig */;
			buildSettings = {
				ASSETCATALOG_COMPILER_APPICON_NAME = AppIcon;
				ASSETCATALOG_COMPILER_GLOBAL_ACCENT_COLOR_NAME = AccentColor;
				CODE_SIGN_STYLE = Automatic;
				CURRENT_PROJECT_VERSION = 1;
				DEVELOPMENT_ASSET_PATHS = "\"ahi_swiftui_multiscan_boilerplate/Preview Content\"";
				DEVELOPMENT_TEAM = R8N9468BQ5;
				ENABLE_BITCODE = NO;
				ENABLE_PREVIEWS = YES;
				GENERATE_INFOPLIST_FILE = YES;
				INFOPLIST_KEY_NSCameraUsageDescription = "We need to use your camera to take a scan.";
				INFOPLIST_KEY_UIApplicationSceneManifest_Generation = YES;
				INFOPLIST_KEY_UIApplicationSupportsIndirectInputEvents = YES;
				INFOPLIST_KEY_UILaunchScreen_Generation = YES;
				INFOPLIST_KEY_UISupportedInterfaceOrientations_iPad = "UIInterfaceOrientationPortrait UIInterfaceOrientationPortraitUpsideDown UIInterfaceOrientationLandscapeLeft UIInterfaceOrientationLandscapeRight";
				INFOPLIST_KEY_UISupportedInterfaceOrientations_iPhone = "UIInterfaceOrientationPortrait UIInterfaceOrientationLandscapeLeft UIInterfaceOrientationLandscapeRight";
				LD_RUNPATH_SEARCH_PATHS = (
					"$(inherited)",
					"@executable_path/Frameworks",
				);
				MARKETING_VERSION = 1.0;
				PRODUCT_BUNDLE_IDENTIFIER = "com.ahi.ahi-swiftui-multiscan-boilerplate";
				PRODUCT_NAME = "$(TARGET_NAME)";
				SWIFT_EMIT_LOC_STRINGS = YES;
				SWIFT_VERSION = 5.0;
				TARGETED_DEVICE_FAMILY = "1,2";
			};
			name = Release;
		};
/* End XCBuildConfiguration section */

/* Begin XCConfigurationList section */
		C9611E0827FD711500EB4B88 /* Build configuration list for PBXProject "ahi_swiftui_multiscan_boilerplate" */ = {
			isa = XCConfigurationList;
			buildConfigurations = (
				C9611E1927FD711600EB4B88 /* Debug */,
				C9611E1A27FD711600EB4B88 /* Release */,
			);
			defaultConfigurationIsVisible = 0;
			defaultConfigurationName = Release;
		};
		C9611E1B27FD711600EB4B88 /* Build configuration list for PBXNativeTarget "ahi_swiftui_multiscan_boilerplate" */ = {
			isa = XCConfigurationList;
			buildConfigurations = (
				C9611E1C27FD711600EB4B88 /* Debug */,
				C9611E1D27FD711600EB4B88 /* Release */,
			);
			defaultConfigurationIsVisible = 0;
			defaultConfigurationName = Release;
		};
/* End XCConfigurationList section */
	};
	rootObject = C9611E0527FD711500EB4B88 /* Project object */;
}
